
Microsoft Visual Studio Solution File, Format Version 12.00
# Visual Studio Version 17
VisualStudioVersion = 17.11.35222.181
MinimumVisualStudioVersion = 10.0.40219.1
Project("{FAE04EC0-301F-11D3-BF4B-00C04F79EFBC}") = "Employers", "Employers\Employers.csproj", "{20DE6EEB-188E-4CEF-9F75-8D7E5C55862D}"
EndProject
Global
	GlobalSection(SolutionConfigurationPlatforms) = preSolution
		Debug|Any CPU = Debug|Any CPU
		Release|Any CPU = Release|Any CPU
	EndGlobalSection
	GlobalSection(ProjectConfigurationPlatforms) = postSolution
		{20DE6EEB-188E-4CEF-9F75-8D7E5C55862D}.Debug|Any CPU.ActiveCfg = Debug|Any CPU
		{20DE6EEB-188E-4CEF-9F75-8D7E5C55862D}.Debug|Any CPU.Build.0 = Debug|Any CPU
		{20DE6EEB-188E-4CEF-9F75-8D7E5C55862D}.Release|Any CPU.ActiveCfg = Release|Any CPU
		{20DE6EEB-188E-4CEF-9F75-8D7E5C55862D}.Release|Any CPU.Build.0 = Release|Any CPU
	EndGlobalSection
	GlobalSection(SolutionProperties) = preSolution
		HideSolutionNode = FALSE
	EndGlobalSection
	GlobalSection(ExtensibilityGlobals) = postSolution
		SolutionGuid = {9572391F-DB44-4732-AD93-43C279541DB8}
	EndGlobalSection
EndGlobal
